
Microsoft Visual Studio Solution File, Format Version 12.00
# Visual Studio Version 16
VisualStudioVersion = 16.0.30002.166
MinimumVisualStudioVersion = 10.0.40219.1
Project("{FAE04EC0-301F-11D3-BF4B-00C04F79EFBC}") = "CaseMarkClient", "CaseMarkClient\CaseMarkClient.csproj", "{DD5BAF61-6089-4016-94A6-96AA78839AE6}"
EndProject
Global
	GlobalSection(SolutionConfigurationPlatforms) = preSolution
		Debug|Any CPU = Debug|Any CPU
		Release|Any CPU = Release|Any CPU
	EndGlobalSection
	GlobalSection(ProjectConfigurationPlatforms) = postSolution
		{DD5BAF61-6089-4016-94A6-96AA78839AE6}.Debug|Any CPU.ActiveCfg = Debug|Any CPU
		{DD5BAF61-6089-4016-94A6-96AA78839AE6}.Debug|Any CPU.Build.0 = Debug|Any CPU
		{DD5BAF61-6089-4016-94A6-96AA78839AE6}.Release|Any CPU.ActiveCfg = Release|Any CPU
		{DD5BAF61-6089-4016-94A6-96AA78839AE6}.Release|Any CPU.Build.0 = Release|Any CPU
	EndGlobalSection
	GlobalSection(SolutionProperties) = preSolution
		HideSolutionNode = FALSE
	EndGlobalSection
	GlobalSection(ExtensibilityGlobals) = postSolution
		SolutionGuid = {1E14B0FE-746E-4D80-B53C-F123E1500B89}
	EndGlobalSection
EndGlobal
